
Microsoft Visual Studio Solution File, Format Version 12.00
# Visual Studio Version 17
VisualStudioVersion = 17.3.32929.385
MinimumVisualStudioVersion = 10.0.40219.1
Project("{FAE04EC0-301F-11D3-BF4B-00C04F79EFBC}") = "LibraryMVC", "LibraryMVC.csproj", "{891A0D64-5FDA-4108-878A-28DF9553C77B}"
EndProject
Global
	GlobalSection(SolutionConfigurationPlatforms) = preSolution
		Debug|Any CPU = Debug|Any CPU
		Release|Any CPU = Release|Any CPU
	EndGlobalSection
	GlobalSection(ProjectConfigurationPlatforms) = postSolution
		{891A0D64-5FDA-4108-878A-28DF9553C77B}.Debug|Any CPU.ActiveCfg = Debug|Any CPU
		{891A0D64-5FDA-4108-878A-28DF9553C77B}.Debug|Any CPU.Build.0 = Debug|Any CPU
		{891A0D64-5FDA-4108-878A-28DF9553C77B}.Release|Any CPU.ActiveCfg = Release|Any CPU
		{891A0D64-5FDA-4108-878A-28DF9553C77B}.Release|Any CPU.Build.0 = Release|Any CPU
	EndGlobalSection
	GlobalSection(SolutionProperties) = preSolution
		HideSolutionNode = FALSE
	EndGlobalSection
	GlobalSection(ExtensibilityGlobals) = postSolution
		SolutionGuid = {DDAD63D6-95FB-4A8D-B483-F56270D85D97}
	EndGlobalSection
EndGlobal
